// !$*UTF8*$!
{
	archiveVersion = 1;
	classes = {
	};
	objectVersion = 77;
	objects = {

/* Begin PBXBuildFile section */
		3F84CE0A2F78373100E5C8F5 /* SplashViewController.swift in Sources */ = {isa = PBXBuildFile; fileRef = 3F84CE092F78373100E5C8F5 /* SplashViewController.swift */; };
		3F84CE0D2F786F2B00E5C8F5 /* WebKit.framework in Frameworks */ = {isa = PBXBuildFile; fileRef = 3F84CE0C2F786F2B00E5C8F5 /* WebKit.framework */; };
		3F8847D72F8D0ABF00DCEE9E /* SwiftKeychainWrapper in Frameworks */ = {isa = PBXBuildFile; productRef = 3F8847D62F8D0ABF00DCEE9E /* SwiftKeychainWrapper */; };
		3F9049A82F7E7FA700CAF116 /* ProgressHUD in Frameworks */ = {isa = PBXBuildFile; productRef = 3F9049A72F7E7FA700CAF116 /* ProgressHUD */; };
		3F9750292F76C74800DDEB8E /* OAuth2Service.swift in Sources */ = {isa = PBXBuildFile; fileRef = 3F9750282F76C74800DDEB8E /* OAuth2Service.swift */; };
		3F97503B2F76D5A200DDEB8E /* URLSession+data.swift in Sources */ = {isa = PBXBuildFile; fileRef = 3F97503A2F76D5A200DDEB8E /* URLSession+data.swift */; };
		3F97503D2F76D6DB00DDEB8E /* OAuthTokenResponseBody.swift in Sources */ = {isa = PBXBuildFile; fileRef = 3F97503C2F76D6DB00DDEB8E /* OAuthTokenResponseBody.swift */; };
		3F97503F2F76D98D00DDEB8E /* OAuth2TokenStorage.swift in Sources */ = {isa = PBXBuildFile; fileRef = 3F97503E2F76D98D00DDEB8E /* OAuth2TokenStorage.swift */; };
		3F97940C2F759E040093CEBF /* AuthViewController.swift in Sources */ = {isa = PBXBuildFile; fileRef = 3F97940B2F759E040093CEBF /* AuthViewController.swift */; };
		3F97940E2F75A4520093CEBF /* WebViewViewController.swift in Sources */ = {isa = PBXBuildFile; fileRef = 3F97940D2F75A4520093CEBF /* WebViewViewController.swift */; };
		3F9872EF2FA27E9700D5E5EA /* ProfileLogoutService.swift in Sources */ = {isa = PBXBuildFile; fileRef = 3F9872EE2FA27E9700D5E5EA /* ProfileLogoutService.swift */; };
		3F9946F42F7454F10068AA2B /* UIColor+hex.swift in Sources */ = {isa = PBXBuildFile; fileRef = 3F9946E22F7454F10068AA2B /* UIColor+hex.swift */; };
		3F9946F52F7454F10068AA2B /* ImagesListCell.swift in Sources */ = {isa = PBXBuildFile; fileRef = 3F9946E42F7454F10068AA2B /* ImagesListCell.swift */; };
		3F9946F62F7454F10068AA2B /* ImagesListViewController.swift in Sources */ = {isa = PBXBuildFile; fileRef = 3F9946E52F7454F10068AA2B /* ImagesListViewController.swift */; };
		3F9946F72F7454F10068AA2B /* ProfileViewController.swift in Sources */ = {isa = PBXBuildFile; fileRef = 3F9946E72F7454F10068AA2B /* ProfileViewController.swift */; };
		3F9946F82F7454F10068AA2B /* SingleImageViewController.swift in Sources */ = {isa = PBXBuildFile; fileRef = 3F9946E92F7454F10068AA2B /* SingleImageViewController.swift */; };
		3F9946F92F7454F10068AA2B /* AppDelegate.swift in Sources */ = {isa = PBXBuildFile; fileRef = 3F9946EB2F7454F10068AA2B /* AppDelegate.swift */; };
		3F9946FA2F7454F10068AA2B /* SceneDelegate.swift in Sources */ = {isa = PBXBuildFile; fileRef = 3F9946F22F7454F10068AA2B /* SceneDelegate.swift */; };
		3F9946FB2F7454F10068AA2B /* Assets.xcassets in Resources */ = {isa = PBXBuildFile; fileRef = 3F9946EC2F7454F10068AA2B /* Assets.xcassets */; };
		3F9946FD2F7454F10068AA2B /* LaunchScreen.storyboard in Resources */ = {isa = PBXBuildFile; fileRef = 3F9946EF2F7454F10068AA2B /* LaunchScreen.storyboard */; };
		3F9946FE2F7454F10068AA2B /* Main.storyboard in Resources */ = {isa = PBXBuildFile; fileRef = 3F9946F12F7454F10068AA2B /* Main.storyboard */; };
		3F9947002F7454FB0068AA2B /* Constants.swift in Sources */ = {isa = PBXBuildFile; fileRef = 3F9946FF2F7454FB0068AA2B /* Constants.swift */; };
		3F9E0D592F9A7F250056318E /* PhotoResult.swift in Sources */ = {isa = PBXBuildFile; fileRef = 3F9E0D582F9A7F250056318E /* PhotoResult.swift */; };
		3F9E0D5D2F9A7F790056318E /* ImagesListService.swift in Sources */ = {isa = PBXBuildFile; fileRef = 3F9E0D5C2F9A7F790056318E /* ImagesListService.swift */; };
		3FA14DB22F892B2E00C1738C /* Kingfisher in Frameworks */ = {isa = PBXBuildFile; productRef = 3FA14DB12F892B2E00C1738C /* Kingfisher */; };
		3FA38D9E2F853EAF00BA9BC3 /* ProfileImageService.swift in Sources */ = {isa = PBXBuildFile; fileRef = 3FA38D9D2F853EAF00BA9BC3 /* ProfileImageService.swift */; };
		3FA38DA02F853ECF00BA9BC3 /* UserResult.swift in Sources */ = {isa = PBXBuildFile; fileRef = 3FA38D9F2F853ECF00BA9BC3 /* UserResult.swift */; };
		3FAAC7D72F83F8EF00BECFCD /* UIBlockingProgressHUD.swift in Sources */ = {isa = PBXBuildFile; fileRef = 3FAAC7D62F83F8EF00BECFCD /* UIBlockingProgressHUD.swift */; };
		3FAAC7DA2F83FD9B00BECFCD /* ProfileService.swift in Sources */ = {isa = PBXBuildFile; fileRef = 3FAAC7D92F83FD9B00BECFCD /* ProfileService.swift */; };
		3FAAC7DC2F83FDB700BECFCD /* ProfileResult.swift in Sources */ = {isa = PBXBuildFile; fileRef = 3FAAC7DB2F83FDB700BECFCD /* ProfileResult.swift */; };
		3FAAC7E62F84009400BECFCD /* Profile.swift in Sources */ = {isa = PBXBuildFile; fileRef = 3FAAC7E52F84009400BECFCD /* Profile.swift */; };
		3FAB35162F9FAA5E00BA2D7B /* Photo.swift in Sources */ = {isa = PBXBuildFile; fileRef = 3FAB35152F9FAA5E00BA2D7B /* Photo.swift */; };
		3FAB35182F9FB61700BA2D7B /* UrlsResult.swift in Sources */ = {isa = PBXBuildFile; fileRef = 3FAB35172F9FB61700BA2D7B /* UrlsResult.swift */; };
		3FB169952F8E7F1400F176D9 /* TabBarController.swift in Sources */ = {isa = PBXBuildFile; fileRef = 3FB169942F8E7F1400F176D9 /* TabBarController.swift */; };
		3FBA83AD2FA2286100CA7E01 /* LikePhotoResult.swift in Sources */ = {isa = PBXBuildFile; fileRef = 3FBA83AC2FA2286100CA7E01 /* LikePhotoResult.swift */; };
/* End PBXBuildFile section */

/* Begin PBXContainerItemProxy section */
		3FAB35212F9FE5F700BA2D7B /* PBXContainerItemProxy */ = {
			isa = PBXContainerItemProxy;
			containerPortal = 3F0495232F5028D0006A0F40 /* Project object */;
			proxyType = 1;
			remoteGlobalIDString = 3F04952A2F5028D0006A0F40;
			remoteInfo = ImageFeed;
		};
/* End PBXContainerItemProxy section */

/* Begin PBXFileReference section */
		3F04952B2F5028D0006A0F40 /* ImageFeed.app */ = {isa = PBXFileReference; explicitFileType = wrapper.application; includeInIndex = 0; path = ImageFeed.app; sourceTree = BUILT_PRODUCTS_DIR; };
		3F84CE092F78373100E5C8F5 /* SplashViewController.swift */ = {isa = PBXFileReference; lastKnownFileType = sourcecode.swift; path = SplashViewController.swift; sourceTree = "<group>"; };
		3F84CE0C2F786F2B00E5C8F5 /* WebKit.framework */ = {isa = PBXFileReference; lastKnownFileType = wrapper.framework; name = WebKit.framework; path = System/Library/Frameworks/WebKit.framework; sourceTree = SDKROOT; };
		3F9750282F76C74800DDEB8E /* OAuth2Service.swift */ = {isa = PBXFileReference; lastKnownFileType = sourcecode.swift; path = OAuth2Service.swift; sourceTree = "<group>"; };
		3F97503A2F76D5A200DDEB8E /* URLSession+data.swift */ = {isa = PBXFileReference; lastKnownFileType = sourcecode.swift; path = "URLSession+data.swift"; sourceTree = "<group>"; };
		3F97503C2F76D6DB00DDEB8E /* OAuthTokenResponseBody.swift */ = {isa = PBXFileReference; lastKnownFileType = sourcecode.swift; path = OAuthTokenResponseBody.swift; sourceTree = "<group>"; };
		3F97503E2F76D98D00DDEB8E /* OAuth2TokenStorage.swift */ = {isa = PBXFileReference; lastKnownFileType = sourcecode.swift; path = OAuth2TokenStorage.swift; sourceTree = "<group>"; };
		3F97940B2F759E040093CEBF /* AuthViewController.swift */ = {isa = PBXFileReference; lastKnownFileType = sourcecode.swift; path = AuthViewController.swift; sourceTree = "<group>"; };
		3F97940D2F75A4520093CEBF /* WebViewViewController.swift */ = {isa = PBXFileReference; lastKnownFileType = sourcecode.swift; path = WebViewViewController.swift; sourceTree = "<group>"; };
		3F9872EE2FA27E9700D5E5EA /* ProfileLogoutService.swift */ = {isa = PBXFileReference; lastKnownFileType = sourcecode.swift; path = ProfileLogoutService.swift; sourceTree = "<group>"; };
		3F9946E22F7454F10068AA2B /* UIColor+hex.swift */ = {isa = PBXFileReference; lastKnownFileType = sourcecode.swift; path = "UIColor+hex.swift"; sourceTree = "<group>"; };
		3F9946E42F7454F10068AA2B /* ImagesListCell.swift */ = {isa = PBXFileReference; lastKnownFileType = sourcecode.swift; path = ImagesListCell.swift; sourceTree = "<group>"; };
		3F9946E52F7454F10068AA2B /* ImagesListViewController.swift */ = {isa = PBXFileReference; lastKnownFileType = sourcecode.swift; path = ImagesListViewController.swift; sourceTree = "<group>"; };
		3F9946E72F7454F10068AA2B /* ProfileViewController.swift */ = {isa = PBXFileReference; lastKnownFileType = sourcecode.swift; path = ProfileViewController.swift; sourceTree = "<group>"; };
		3F9946E92F7454F10068AA2B /* SingleImageViewController.swift */ = {isa = PBXFileReference; lastKnownFileType = sourcecode.swift; path = SingleImageViewController.swift; sourceTree = "<group>"; };
		3F9946EB2F7454F10068AA2B /* AppDelegate.swift */ = {isa = PBXFileReference; lastKnownFileType = sourcecode.swift; path = AppDelegate.swift; sourceTree = "<group>"; };
		3F9946EC2F7454F10068AA2B /* Assets.xcassets */ = {isa = PBXFileReference; lastKnownFileType = folder.assetcatalog; path = Assets.xcassets; sourceTree = "<group>"; };
		3F9946ED2F7454F10068AA2B /* Info.plist */ = {isa = PBXFileReference; lastKnownFileType = text.plist.xml; path = Info.plist; sourceTree = "<group>"; };
		3F9946EE2F7454F10068AA2B /* Base */ = {isa = PBXFileReference; lastKnownFileType = file.storyboard; name = Base; path = Base.lproj/LaunchScreen.storyboard; sourceTree = "<group>"; };
		3F9946F02F7454F10068AA2B /* Base */ = {isa = PBXFileReference; lastKnownFileType = file.storyboard; name = Base; path = Base.lproj/Main.storyboard; sourceTree = "<group>"; };
		3F9946F22F7454F10068AA2B /* SceneDelegate.swift */ = {isa = PBXFileReference; lastKnownFileType = sourcecode.swift; path = SceneDelegate.swift; sourceTree = "<group>"; };
		3F9946FF2F7454FB0068AA2B /* Constants.swift */ = {isa = PBXFileReference; lastKnownFileType = sourcecode.swift; path = Constants.swift; sourceTree = "<group>"; };
		3F9E0D582F9A7F250056318E /* PhotoResult.swift */ = {isa = PBXFileReference; lastKnownFileType = sourcecode.swift; path = PhotoResult.swift; sourceTree = "<group>"; };
		3F9E0D5C2F9A7F790056318E /* ImagesListService.swift */ = {isa = PBXFileReference; lastKnownFileType = sourcecode.swift; path = ImagesListService.swift; sourceTree = "<group>"; };
		3FA38D9D2F853EAF00BA9BC3 /* ProfileImageService.swift */ = {isa = PBXFileReference; lastKnownFileType = sourcecode.swift; path = ProfileImageService.swift; sourceTree = "<group>"; };
		3FA38D9F2F853ECF00BA9BC3 /* UserResult.swift */ = {isa = PBXFileReference; lastKnownFileType = sourcecode.swift; path = UserResult.swift; sourceTree = "<group>"; };
		3FAAC7D62F83F8EF00BECFCD /* UIBlockingProgressHUD.swift */ = {isa = PBXFileReference; lastKnownFileType = sourcecode.swift; path = UIBlockingProgressHUD.swift; sourceTree = "<group>"; };
		3FAAC7D92F83FD9B00BECFCD /* ProfileService.swift */ = {isa = PBXFileReference; lastKnownFileType = sourcecode.swift; path = ProfileService.swift; sourceTree = "<group>"; };
		3FAAC7DB2F83FDB700BECFCD /* ProfileResult.swift */ = {isa = PBXFileReference; lastKnownFileType = sourcecode.swift; path = ProfileResult.swift; sourceTree = "<group>"; };
		3FAAC7E52F84009400BECFCD /* Profile.swift */ = {isa = PBXFileReference; lastKnownFileType = sourcecode.swift; path = Profile.swift; sourceTree = "<group>"; };
		3FAB35152F9FAA5E00BA2D7B /* Photo.swift */ = {isa = PBXFileReference; lastKnownFileType = sourcecode.swift; path = Photo.swift; sourceTree = "<group>"; };
		3FAB35172F9FB61700BA2D7B /* UrlsResult.swift */ = {isa = PBXFileReference; lastKnownFileType = sourcecode.swift; path = UrlsResult.swift; sourceTree = "<group>"; };
		3FAB351D2F9FE5F700BA2D7B /* ImageFeedTests.xctest */ = {isa = PBXFileReference; explicitFileType = wrapper.cfbundle; includeInIndex = 0; path = ImageFeedTests.xctest; sourceTree = BUILT_PRODUCTS_DIR; };
		3FB169942F8E7F1400F176D9 /* TabBarController.swift */ = {isa = PBXFileReference; lastKnownFileType = sourcecode.swift; path = TabBarController.swift; sourceTree = "<group>"; };
		3FBA83AC2FA2286100CA7E01 /* LikePhotoResult.swift */ = {isa = PBXFileReference; lastKnownFileType = sourcecode.swift; path = LikePhotoResult.swift; sourceTree = "<group>"; };
/* End PBXFileReference section */

/* Begin PBXFrameworksBuildPhase section */
		3F0495282F5028D0006A0F40 /* Frameworks */ = {
			isa = PBXFrameworksBuildPhase;
			buildActionMask = 2147483647;
			files = (
				3FA14DB22F892B2E00C1738C /* Kingfisher in Frameworks */,
				3F84CE0D2F786F2B00E5C8F5 /* WebKit.framework in Frameworks */,
				3F8847D72F8D0ABF00DCEE9E /* SwiftKeychainWrapper in Frameworks */,
				3F9049A82F7E7FA700CAF116 /* ProgressHUD in Frameworks */,
			);
			runOnlyForDeploymentPostprocessing = 0;
		};
		3FAB351A2F9FE5F700BA2D7B /* Frameworks */ = {
			isa = PBXFrameworksBuildPhase;
			buildActionMask = 2147483647;
			files = (
			);
			runOnlyForDeploymentPostprocessing = 0;
		};
/* End PBXFrameworksBuildPhase section */

/* Begin PBXGroup section */
		3F0495222F5028D0006A0F40 = {
			isa = PBXGroup;
			children = (
				3F9946F32F7454F10068AA2B /* ImageFeed */,
				3F84CE0B2F786F2B00E5C8F5 /* Frameworks */,
				3F04952C2F5028D0006A0F40 /* Products */,
			);
			sourceTree = "<group>";
		};
		3F04952C2F5028D0006A0F40 /* Products */ = {
			isa = PBXGroup;
			children = (
				3F04952B2F5028D0006A0F40 /* ImageFeed.app */,
				3FAB351D2F9FE5F700BA2D7B /* ImageFeedTests.xctest */,
			);
			name = Products;
			sourceTree = "<group>";
		};
		3F84CE082F78372400E5C8F5 /* SplashViewController */ = {
			isa = PBXGroup;
			children = (
				3F84CE092F78373100E5C8F5 /* SplashViewController.swift */,
			);
			path = SplashViewController;
			sourceTree = "<group>";
		};
		3F84CE0B2F786F2B00E5C8F5 /* Frameworks */ = {
			isa = PBXGroup;
			children = (
				3F84CE0C2F786F2B00E5C8F5 /* WebKit.framework */,
			);
			name = Frameworks;
			sourceTree = "<group>";
		};
		3F97940A2F759DF10093CEBF /* Auth */ = {
			isa = PBXGroup;
			children = (
				3F97940B2F759E040093CEBF /* AuthViewController.swift */,
				3F97940D2F75A4520093CEBF /* WebViewViewController.swift */,
			);
			path = Auth;
			sourceTree = "<group>";
		};
		3F9872ED2FA27E7400D5E5EA /* ProfileLogoutService */ = {
			isa = PBXGroup;
			children = (
				3F9872EE2FA27E9700D5E5EA /* ProfileLogoutService.swift */,
			);
			path = ProfileLogoutService;
			sourceTree = "<group>";
		};
		3F9946E32F7454F10068AA2B /* Extensions */ = {
			isa = PBXGroup;
			children = (
				3F97503A2F76D5A200DDEB8E /* URLSession+data.swift */,
				3F9946E22F7454F10068AA2B /* UIColor+hex.swift */,
			);
			path = Extensions;
			sourceTree = "<group>";
		};
		3F9946E62F7454F10068AA2B /* ImagesList */ = {
			isa = PBXGroup;
			children = (
				3F9946E42F7454F10068AA2B /* ImagesListCell.swift */,
				3F9946E52F7454F10068AA2B /* ImagesListViewController.swift */,
			);
			path = ImagesList;
			sourceTree = "<group>";
		};
		3F9946E82F7454F10068AA2B /* Profile */ = {
			isa = PBXGroup;
			children = (
				3F9946E72F7454F10068AA2B /* ProfileViewController.swift */,
			);
			path = Profile;
			sourceTree = "<group>";
		};
		3F9946EA2F7454F10068AA2B /* SingleImageView */ = {
			isa = PBXGroup;
			children = (
				3F9946E92F7454F10068AA2B /* SingleImageViewController.swift */,
			);
			path = SingleImageView;
			sourceTree = "<group>";
		};
		3F9946F32F7454F10068AA2B /* ImageFeed */ = {
			isa = PBXGroup;
			children = (
				3FAAC7F72F841C1D00BECFCD /* ServiceAccessLayer */,
				3F97940A2F759DF10093CEBF /* Auth */,
				3F9946E82F7454F10068AA2B /* Profile */,
				3F84CE082F78372400E5C8F5 /* SplashViewController */,
				3F9946E32F7454F10068AA2B /* Extensions */,
				3F9946E62F7454F10068AA2B /* ImagesList */,
				3F9946EA2F7454F10068AA2B /* SingleImageView */,
				3F9946EB2F7454F10068AA2B /* AppDelegate.swift */,
				3F9946EC2F7454F10068AA2B /* Assets.xcassets */,
				3F9946ED2F7454F10068AA2B /* Info.plist */,
				3F9946EF2F7454F10068AA2B /* LaunchScreen.storyboard */,
				3F9946F12F7454F10068AA2B /* Main.storyboard */,
				3F9946F22F7454F10068AA2B /* SceneDelegate.swift */,
				3F9946FF2F7454FB0068AA2B /* Constants.swift */,
				3FAAC7D62F83F8EF00BECFCD /* UIBlockingProgressHUD.swift */,
				3FB169942F8E7F1400F176D9 /* TabBarController.swift */,
			);
			path = ImageFeed;
			sourceTree = "<group>";
		};
		3F9E0D572F9A7F130056318E /* ImagesListService */ = {
			isa = PBXGroup;
			children = (
				3F9E0D5C2F9A7F790056318E /* ImagesListService.swift */,
				3F9E0D582F9A7F250056318E /* PhotoResult.swift */,
				3FAB35172F9FB61700BA2D7B /* UrlsResult.swift */,
				3FAB35152F9FAA5E00BA2D7B /* Photo.swift */,
				3FBA83AC2FA2286100CA7E01 /* LikePhotoResult.swift */,
			);
			path = ImagesListService;
			sourceTree = "<group>";
		};
		3FA38D9C2F853E7F00BA9BC3 /* ProfileImageService */ = {
			isa = PBXGroup;
			children = (
				3FA38D9D2F853EAF00BA9BC3 /* ProfileImageService.swift */,
				3FA38D9F2F853ECF00BA9BC3 /* UserResult.swift */,
			);
			path = ProfileImageService;
			sourceTree = "<group>";
		};
		3FAAC7D82F83FD8200BECFCD /* ProfileService */ = {
			isa = PBXGroup;
			children = (
				3FAAC7D92F83FD9B00BECFCD /* ProfileService.swift */,
				3FAAC7DB2F83FDB700BECFCD /* ProfileResult.swift */,
				3FAAC7E52F84009400BECFCD /* Profile.swift */,
			);
			path = ProfileService;
			sourceTree = "<group>";
		};
		3FAAC7F72F841C1D00BECFCD /* ServiceAccessLayer */ = {
			isa = PBXGroup;
			children = (
				3F9872ED2FA27E7400D5E5EA /* ProfileLogoutService */,
				3F9E0D572F9A7F130056318E /* ImagesListService */,
				3FAAC7F92F841C4400BECFCD /* OAuth2 */,
				3FAAC7D82F83FD8200BECFCD /* ProfileService */,
				3FA38D9C2F853E7F00BA9BC3 /* ProfileImageService */,
			);
			path = ServiceAccessLayer;
			sourceTree = "<group>";
		};
		3FAAC7F92F841C4400BECFCD /* OAuth2 */ = {
			isa = PBXGroup;
			children = (
				3F9750282F76C74800DDEB8E /* OAuth2Service.swift */,
				3F97503C2F76D6DB00DDEB8E /* OAuthTokenResponseBody.swift */,
				3F97503E2F76D98D00DDEB8E /* OAuth2TokenStorage.swift */,
			);
			path = OAuth2;
			sourceTree = "<group>";
		};
/* End PBXGroup section */

/* Begin PBXNativeTarget section */
		3F04952A2F5028D0006A0F40 /* ImageFeed */ = {
			isa = PBXNativeTarget;
			buildConfigurationList = 3F04953E2F5028D1006A0F40 /* Build configuration list for PBXNativeTarget "ImageFeed" */;
			buildPhases = (
				3F0495272F5028D0006A0F40 /* Sources */,
				3F0495282F5028D0006A0F40 /* Frameworks */,
				3F0495292F5028D0006A0F40 /* Resources */,
			);
			buildRules = (
			);
			dependencies = (
			);
			name = ImageFeed;
			packageProductDependencies = (
				3F9049A72F7E7FA700CAF116 /* ProgressHUD */,
				3FA14DB12F892B2E00C1738C /* Kingfisher */,
				3F8847D62F8D0ABF00DCEE9E /* SwiftKeychainWrapper */,
			);
			productName = ImageFeed;
			productReference = 3F04952B2F5028D0006A0F40 /* ImageFeed.app */;
			productType = "com.apple.product-type.application";
		};
		3FAB351C2F9FE5F700BA2D7B /* ImageFeedTests */ = {
			isa = PBXNativeTarget;
			buildConfigurationList = 3FAB35252F9FE5F700BA2D7B /* Build configuration list for PBXNativeTarget "ImageFeedTests" */;
			buildPhases = (
				3FAB35192F9FE5F700BA2D7B /* Sources */,
				3FAB351A2F9FE5F700BA2D7B /* Frameworks */,
				3FAB351B2F9FE5F700BA2D7B /* Resources */,
			);
			buildRules = (
			);
			dependencies = (
				3FAB35222F9FE5F700BA2D7B /* PBXTargetDependency */,
			);
			name = ImageFeedTests;
			packageProductDependencies = (
			);
			productName = ImageFeedTests;
			productReference = 3FAB351D2F9FE5F700BA2D7B /* ImageFeedTests.xctest */;
			productType = "com.apple.product-type.bundle.unit-test";
		};
/* End PBXNativeTarget section */

/* Begin PBXProject section */
		3F0495232F5028D0006A0F40 /* Project object */ = {
			isa = PBXProject;
			attributes = {
				BuildIndependentTargetsInParallel = 1;
				LastSwiftUpdateCheck = 1620;
				LastUpgradeCheck = 1620;
				TargetAttributes = {
					3F04952A2F5028D0006A0F40 = {
						CreatedOnToolsVersion = 16.2;
					};
					3FAB351C2F9FE5F700BA2D7B = {
						CreatedOnToolsVersion = 16.2;
						TestTargetID = 3F04952A2F5028D0006A0F40;
					};
				};
			};
			buildConfigurationList = 3F0495262F5028D0006A0F40 /* Build configuration list for PBXProject "ImageFeed" */;
			developmentRegion = en;
			hasScannedForEncodings = 0;
			knownRegions = (
				en,
				Base,
			);
			mainGroup = 3F0495222F5028D0006A0F40;
			minimizedProjectReferenceProxies = 1;
			packageReferences = (
				3F9049A62F7E7FA700CAF116 /* XCRemoteSwiftPackageReference "ProgressHUD" */,
				3FA14DB02F892B2E00C1738C /* XCRemoteSwiftPackageReference "Kingfisher" */,
				3F8847D52F8D0ABF00DCEE9E /* XCRemoteSwiftPackageReference "SwiftKeychainWrapper" */,
			);
			preferredProjectObjectVersion = 77;
			productRefGroup = 3F04952C2F5028D0006A0F40 /* Products */;
			projectDirPath = "";
			projectRoot = "";
			targets = (
				3F04952A2F5028D0006A0F40 /* ImageFeed */,
				3FAB351C2F9FE5F700BA2D7B /* ImageFeedTests */,
			);
		};
/* End PBXProject section */

/* Begin PBXResourcesBuildPhase section */
		3F0495292F5028D0006A0F40 /* Resources */ = {
			isa = PBXResourcesBuildPhase;
			buildActionMask = 2147483647;
			files = (
				3F9946FB2F7454F10068AA2B /* Assets.xcassets in Resources */,
				3F9946FD2F7454F10068AA2B /* LaunchScreen.storyboard in Resources */,
				3F9946FE2F7454F10068AA2B /* Main.storyboard in Resources */,
			);
			runOnlyForDeploymentPostprocessing = 0;
		};
		3FAB351B2F9FE5F700BA2D7B /* Resources */ = {
			isa = PBXResourcesBuildPhase;
			buildActionMask = 2147483647;
			files = (
			);
			runOnlyForDeploymentPostprocessing = 0;
		};
/* End PBXResourcesBuildPhase section */

/* Begin PBXSourcesBuildPhase section */
		3F0495272F5028D0006A0F40 /* Sources */ = {
			isa = PBXSourcesBuildPhase;
			buildActionMask = 2147483647;
			files = (
				3F9E0D5D2F9A7F790056318E /* ImagesListService.swift in Sources */,
				3F97940E2F75A4520093CEBF /* WebViewViewController.swift in Sources */,
				3F9946F42F7454F10068AA2B /* UIColor+hex.swift in Sources */,
				3F9946F52F7454F10068AA2B /* ImagesListCell.swift in Sources */,
				3FAAC7D72F83F8EF00BECFCD /* UIBlockingProgressHUD.swift in Sources */,
				3FAB35162F9FAA5E00BA2D7B /* Photo.swift in Sources */,
				3FAAC7E62F84009400BECFCD /* Profile.swift in Sources */,
				3FA38DA02F853ECF00BA9BC3 /* UserResult.swift in Sources */,
				3F9E0D592F9A7F250056318E /* PhotoResult.swift in Sources */,
				3F9946F62F7454F10068AA2B /* ImagesListViewController.swift in Sources */,
				3F9750292F76C74800DDEB8E /* OAuth2Service.swift in Sources */,
				3F97503D2F76D6DB00DDEB8E /* OAuthTokenResponseBody.swift in Sources */,
				3FAAC7DA2F83FD9B00BECFCD /* ProfileService.swift in Sources */,
				3F97503F2F76D98D00DDEB8E /* OAuth2TokenStorage.swift in Sources */,
				3F9946F72F7454F10068AA2B /* ProfileViewController.swift in Sources */,
				3F9946F82F7454F10068AA2B /* SingleImageViewController.swift in Sources */,
				3FB169952F8E7F1400F176D9 /* TabBarController.swift in Sources */,
				3F9946F92F7454F10068AA2B /* AppDelegate.swift in Sources */,
				3F84CE0A2F78373100E5C8F5 /* SplashViewController.swift in Sources */,
				3F97503B2F76D5A200DDEB8E /* URLSession+data.swift in Sources */,
				3F9946FA2F7454F10068AA2B /* SceneDelegate.swift in Sources */,
				3F97940C2F759E040093CEBF /* AuthViewController.swift in Sources */,
				3FBA83AD2FA2286100CA7E01 /* LikePhotoResult.swift in Sources */,
				3FA38D9E2F853EAF00BA9BC3 /* ProfileImageService.swift in Sources */,
				3FAAC7DC2F83FDB700BECFCD /* ProfileResult.swift in Sources */,
				3F9872EF2FA27E9700D5E5EA /* ProfileLogoutService.swift in Sources */,
				3FAB35182F9FB61700BA2D7B /* UrlsResult.swift in Sources */,
				3F9947002F7454FB0068AA2B /* Constants.swift in Sources */,
			);
			runOnlyForDeploymentPostprocessing = 0;
		};
		3FAB35192F9FE5F700BA2D7B /* Sources */ = {
			isa = PBXSourcesBuildPhase;
			buildActionMask = 2147483647;
			files = (
			);
			runOnlyForDeploymentPostprocessing = 0;
		};
/* End PBXSourcesBuildPhase section */

/* Begin PBXTargetDependency section */
		3FAB35222F9FE5F700BA2D7B /* PBXTargetDependency */ = {
			isa = PBXTargetDependency;
			target = 3F04952A2F5028D0006A0F40 /* ImageFeed */;
			targetProxy = 3FAB35212F9FE5F700BA2D7B /* PBXContainerItemProxy */;
		};
/* End PBXTargetDependency section */

/* Begin PBXVariantGroup section */
		3F9946EF2F7454F10068AA2B /* LaunchScreen.storyboard */ = {
			isa = PBXVariantGroup;
			children = (
				3F9946EE2F7454F10068AA2B /* Base */,
			);
			name = LaunchScreen.storyboard;
			sourceTree = "<group>";
		};
		3F9946F12F7454F10068AA2B /* Main.storyboard */ = {
			isa = PBXVariantGroup;
			children = (
				3F9946F02F7454F10068AA2B /* Base */,
			);
			name = Main.storyboard;
			sourceTree = "<group>";
		};
/* End PBXVariantGroup section */

/* Begin XCBuildConfiguration section */
		3F04953F2F5028D1006A0F40 /* Debug */ = {
			isa = XCBuildConfiguration;
			buildSettings = {
				ASSETCATALOG_COMPILER_APPICON_NAME = AppIcon;
				ASSETCATALOG_COMPILER_GLOBAL_ACCENT_COLOR_NAME = AccentColor;
				CODE_SIGN_STYLE = Automatic;
				CURRENT_PROJECT_VERSION = 1;
				DEVELOPMENT_TEAM = Z69U29FPV9;
				GENERATE_INFOPLIST_FILE = YES;
				INFOPLIST_FILE = ImageFeed/Info.plist;
				INFOPLIST_KEY_UIApplicationSupportsIndirectInputEvents = YES;
				INFOPLIST_KEY_UILaunchStoryboardName = LaunchScreen;
				INFOPLIST_KEY_UIMainStoryboardFile = Main;
				INFOPLIST_KEY_UISupportedInterfaceOrientations = UIInterfaceOrientationPortrait;
				INFOPLIST_KEY_UISupportedInterfaceOrientations_iPad = "UIInterfaceOrientationLandscapeLeft UIInterfaceOrientationLandscapeRight UIInterfaceOrientationPortrait UIInterfaceOrientationPortraitUpsideDown";
				IPHONEOS_DEPLOYMENT_TARGET = 17;
				LD_RUNPATH_SEARCH_PATHS = (
					"$(inherited)",
					"@executable_path/Frameworks",
				);
				MARKETING_VERSION = 1.0;
				PRODUCT_BUNDLE_IDENTIFIER = JoePeachBase.ImageFeed;
				PRODUCT_NAME = "$(TARGET_NAME)";
				SUPPORTED_PLATFORMS = "iphoneos iphonesimulator";
				SUPPORTS_MACCATALYST = NO;
				SUPPORTS_MAC_DESIGNED_FOR_IPHONE_IPAD = NO;
				SUPPORTS_XR_DESIGNED_FOR_IPHONE_IPAD = NO;
				SWIFT_EMIT_LOC_STRINGS = YES;
				SWIFT_VERSION = 5.0;
				TARGETED_DEVICE_FAMILY = 1;
			};
			name = Debug;
		};
		3F0495402F5028D1006A0F40 /* Release */ = {
			isa = XCBuildConfiguration;
			buildSettings = {
				ASSETCATALOG_COMPILER_APPICON_NAME = AppIcon;
				ASSETCATALOG_COMPILER_GLOBAL_ACCENT_COLOR_NAME = AccentColor;
				CODE_SIGN_STYLE = Automatic;
				CURRENT_PROJECT_VERSION = 1;
				DEVELOPMENT_TEAM = Z69U29FPV9;
				GENERATE_INFOPLIST_FILE = YES;
				INFOPLIST_FILE = ImageFeed/Info.plist;
				INFOPLIST_KEY_UIApplicationSupportsIndirectInputEvents = YES;
				INFOPLIST_KEY_UILaunchStoryboardName = LaunchScreen;
				INFOPLIST_KEY_UIMainStoryboardFile = Main;
				INFOPLIST_KEY_UISupportedInterfaceOrientations = UIInterfaceOrientationPortrait;
				INFOPLIST_KEY_UISupportedInterfaceOrientations_iPad = "UIInterfaceOrientationLandscapeLeft UIInterfaceOrientationLandscapeRight UIInterfaceOrientationPortrait UIInterfaceOrientationPortraitUpsideDown";
				IPHONEOS_DEPLOYMENT_TARGET = 17;
				LD_RUNPATH_SEARCH_PATHS = (
					"$(inherited)",
					"@executable_path/Frameworks",
				);
				MARKETING_VERSION = 1.0;
				PRODUCT_BUNDLE_IDENTIFIER = JoePeachBase.ImageFeed;
				PRODUCT_NAME = "$(TARGET_NAME)";
				SUPPORTED_PLATFORMS = "iphoneos iphonesimulator";
				SUPPORTS_MACCATALYST = NO;
				SUPPORTS_MAC_DESIGNED_FOR_IPHONE_IPAD = NO;
				SUPPORTS_XR_DESIGNED_FOR_IPHONE_IPAD = NO;
				SWIFT_EMIT_LOC_STRINGS = YES;
				SWIFT_VERSION = 5.0;
				TARGETED_DEVICE_FAMILY = 1;
			};
			name = Release;
		};
		3F0495412F5028D1006A0F40 /* Debug */ = {
			isa = XCBuildConfiguration;
			buildSettings = {
				ALWAYS_SEARCH_USER_PATHS = NO;
				ASSETCATALOG_COMPILER_GENERATE_SWIFT_ASSET_SYMBOL_EXTENSIONS = YES;
				CLANG_ANALYZER_NONNULL = YES;
				CLANG_ANALYZER_NUMBER_OBJECT_CONVERSION = YES_AGGRESSIVE;
				CLANG_CXX_LANGUAGE_STANDARD = "gnu++20";
				CLANG_ENABLE_MODULES = YES;
				CLANG_ENABLE_OBJC_ARC = YES;
				CLANG_ENABLE_OBJC_WEAK = YES;
				CLANG_WARN_BLOCK_CAPTURE_AUTORELEASING = YES;
				CLANG_WARN_BOOL_CONVERSION = YES;
				CLANG_WARN_COMMA = YES;
				CLANG_WARN_CONSTANT_CONVERSION = YES;
				CLANG_WARN_DEPRECATED_OBJC_IMPLEMENTATIONS = YES;
				CLANG_WARN_DIRECT_OBJC_ISA_USAGE = YES_ERROR;
				CLANG_WARN_DOCUMENTATION_COMMENTS = YES;
				CLANG_WARN_EMPTY_BODY = YES;
				CLANG_WARN_ENUM_CONVERSION = YES;
				CLANG_WARN_INFINITE_RECURSION = YES;
				CLANG_WARN_INT_CONVERSION = YES;
				CLANG_WARN_NON_LITERAL_NULL_CONVERSION = YES;
				CLANG_WARN_OBJC_IMPLICIT_RETAIN_SELF = YES;
				CLANG_WARN_OBJC_LITERAL_CONVERSION = YES;
				CLANG_WARN_OBJC_ROOT_CLASS = YES_ERROR;
				CLANG_WARN_QUOTED_INCLUDE_IN_FRAMEWORK_HEADER = YES;
				CLANG_WARN_RANGE_LOOP_ANALYSIS = YES;
				CLANG_WARN_STRICT_PROTOTYPES = YES;
				CLANG_WARN_SUSPICIOUS_MOVE = YES;
				CLANG_WARN_UNGUARDED_AVAILABILITY = YES_AGGRESSIVE;
				CLANG_WARN_UNREACHABLE_CODE = YES;
				CLANG_WARN__DUPLICATE_METHOD_MATCH = YES;
				COPY_PHASE_STRIP = NO;
				DEBUG_INFORMATION_FORMAT = dwarf;
				ENABLE_STRICT_OBJC_MSGSEND = YES;
				ENABLE_TESTABILITY = YES;
				ENABLE_USER_SCRIPT_SANDBOXING = YES;
				GCC_C_LANGUAGE_STANDARD = gnu17;
				GCC_DYNAMIC_NO_PIC = NO;
				GCC_NO_COMMON_BLOCKS = YES;
				GCC_OPTIMIZATION_LEVEL = 0;
				GCC_PREPROCESSOR_DEFINITIONS = (
					"DEBUG=1",
					"$(inherited)",
				);
				GCC_WARN_64_TO_32_BIT_CONVERSION = YES;
				GCC_WARN_ABOUT_RETURN_TYPE = YES_ERROR;
				GCC_WARN_UNDECLARED_SELECTOR = YES;
				GCC_WARN_UNINITIALIZED_AUTOS = YES_AGGRESSIVE;
				GCC_WARN_UNUSED_FUNCTION = YES;
				GCC_WARN_UNUSED_VARIABLE = YES;
				IPHONEOS_DEPLOYMENT_TARGET = 18.2;
				LOCALIZATION_PREFERS_STRING_CATALOGS = YES;
				MTL_ENABLE_DEBUG_INFO = INCLUDE_SOURCE;
				MTL_FAST_MATH = YES;
				ONLY_ACTIVE_ARCH = YES;
				SDKROOT = iphoneos;
				SWIFT_ACTIVE_COMPILATION_CONDITIONS = "DEBUG $(inherited)";
				SWIFT_OPTIMIZATION_LEVEL = "-Onone";
			};
			name = Debug;
		};
		3F0495422F5028D1006A0F40 /* Release */ = {
			isa = XCBuildConfiguration;
			buildSettings = {
				ALWAYS_SEARCH_USER_PATHS = NO;
				ASSETCATALOG_COMPILER_GENERATE_SWIFT_ASSET_SYMBOL_EXTENSIONS = YES;
				CLANG_ANALYZER_NONNULL = YES;
				CLANG_ANALYZER_NUMBER_OBJECT_CONVERSION = YES_AGGRESSIVE;
				CLANG_CXX_LANGUAGE_STANDARD = "gnu++20";
				CLANG_ENABLE_MODULES = YES;
				CLANG_ENABLE_OBJC_ARC = YES;
				CLANG_ENABLE_OBJC_WEAK = YES;
				CLANG_WARN_BLOCK_CAPTURE_AUTORELEASING = YES;
				CLANG_WARN_BOOL_CONVERSION = YES;
				CLANG_WARN_COMMA = YES;
				CLANG_WARN_CONSTANT_CONVERSION = YES;
				CLANG_WARN_DEPRECATED_OBJC_IMPLEMENTATIONS = YES;
				CLANG_WARN_DIRECT_OBJC_ISA_USAGE = YES_ERROR;
				CLANG_WARN_DOCUMENTATION_COMMENTS = YES;
				CLANG_WARN_EMPTY_BODY = YES;
				CLANG_WARN_ENUM_CONVERSION = YES;
				CLANG_WARN_INFINITE_RECURSION = YES;
				CLANG_WARN_INT_CONVERSION = YES;
				CLANG_WARN_NON_LITERAL_NULL_CONVERSION = YES;
				CLANG_WARN_OBJC_IMPLICIT_RETAIN_SELF = YES;
				CLANG_WARN_OBJC_LITERAL_CONVERSION = YES;
				CLANG_WARN_OBJC_ROOT_CLASS = YES_ERROR;
				CLANG_WARN_QUOTED_INCLUDE_IN_FRAMEWORK_HEADER = YES;
				CLANG_WARN_RANGE_LOOP_ANALYSIS = YES;
				CLANG_WARN_STRICT_PROTOTYPES = YES;
				CLANG_WARN_SUSPICIOUS_MOVE = YES;
				CLANG_WARN_UNGUARDED_AVAILABILITY = YES_AGGRESSIVE;
				CLANG_WARN_UNREACHABLE_CODE = YES;
				CLANG_WARN__DUPLICATE_METHOD_MATCH = YES;
				COPY_PHASE_STRIP = NO;
				DEBUG_INFORMATION_FORMAT = "dwarf-with-dsym";
				ENABLE_NS_ASSERTIONS = NO;
				ENABLE_STRICT_OBJC_MSGSEND = YES;
				ENABLE_USER_SCRIPT_SANDBOXING = YES;
				GCC_C_LANGUAGE_STANDARD = gnu17;
				GCC_NO_COMMON_BLOCKS = YES;
				GCC_WARN_64_TO_32_BIT_CONVERSION = YES;
				GCC_WARN_ABOUT_RETURN_TYPE = YES_ERROR;
				GCC_WARN_UNDECLARED_SELECTOR = YES;
				GCC_WARN_UNINITIALIZED_AUTOS = YES_AGGRESSIVE;
				GCC_WARN_UNUSED_FUNCTION = YES;
				GCC_WARN_UNUSED_VARIABLE = YES;
				IPHONEOS_DEPLOYMENT_TARGET = 18.2;
				LOCALIZATION_PREFERS_STRING_CATALOGS = YES;
				MTL_ENABLE_DEBUG_INFO = NO;
				MTL_FAST_MATH = YES;
				SDKROOT = iphoneos;
				SWIFT_COMPILATION_MODE = wholemodule;
				VALIDATE_PRODUCT = YES;
			};
			name = Release;
		};
		3FAB35232F9FE5F700BA2D7B /* Debug */ = {
			isa = XCBuildConfiguration;
			buildSettings = {
				BUNDLE_LOADER = "$(TEST_HOST)";
				CODE_SIGN_STYLE = Automatic;
				CURRENT_PROJECT_VERSION = 1;
				DEVELOPMENT_TEAM = Z69U29FPV9;
				GENERATE_INFOPLIST_FILE = YES;
				MARKETING_VERSION = 1.0;
				PRODUCT_BUNDLE_IDENTIFIER = JoePeachBase.ImageFeedTests;
				PRODUCT_NAME = "$(TARGET_NAME)";
				SWIFT_EMIT_LOC_STRINGS = NO;
				SWIFT_VERSION = 5.0;
				TARGETED_DEVICE_FAMILY = "1,2";
				TEST_HOST = "$(BUILT_PRODUCTS_DIR)/ImageFeed.app/$(BUNDLE_EXECUTABLE_FOLDER_PATH)/ImageFeed";
			};
			name = Debug;
		};
		3FAB35242F9FE5F700BA2D7B /* Release */ = {
			isa = XCBuildConfiguration;
			buildSettings = {
				BUNDLE_LOADER = "$(TEST_HOST)";
				CODE_SIGN_STYLE = Automatic;
				CURRENT_PROJECT_VERSION = 1;
				DEVELOPMENT_TEAM = Z69U29FPV9;
				GENERATE_INFOPLIST_FILE = YES;
				MARKETING_VERSION = 1.0;
				PRODUCT_BUNDLE_IDENTIFIER = JoePeachBase.ImageFeedTests;
				PRODUCT_NAME = "$(TARGET_NAME)";
				SWIFT_EMIT_LOC_STRINGS = NO;
				SWIFT_VERSION = 5.0;
				TARGETED_DEVICE_FAMILY = "1,2";
				TEST_HOST = "$(BUILT_PRODUCTS_DIR)/ImageFeed.app/$(BUNDLE_EXECUTABLE_FOLDER_PATH)/ImageFeed";
			};
			name = Release;
		};
/* End XCBuildConfiguration section */

/* Begin XCConfigurationList section */
		3F0495262F5028D0006A0F40 /* Build configuration list for PBXProject "ImageFeed" */ = {
			isa = XCConfigurationList;
			buildConfigurations = (
				3F0495412F5028D1006A0F40 /* Debug */,
				3F0495422F5028D1006A0F40 /* Release */,
			);
			defaultConfigurationIsVisible = 0;
			defaultConfigurationName = Release;
		};
		3F04953E2F5028D1006A0F40 /* Build configuration list for PBXNativeTarget "ImageFeed" */ = {
			isa = XCConfigurationList;
			buildConfigurations = (
				3F04953F2F5028D1006A0F40 /* Debug */,
				3F0495402F5028D1006A0F40 /* Release */,
			);
			defaultConfigurationIsVisible = 0;
			defaultConfigurationName = Release;
		};
		3FAB35252F9FE5F700BA2D7B /* Build configuration list for PBXNativeTarget "ImageFeedTests" */ = {
			isa = XCConfigurationList;
			buildConfigurations = (
				3FAB35232F9FE5F700BA2D7B /* Debug */,
				3FAB35242F9FE5F700BA2D7B /* Release */,
			);
			defaultConfigurationIsVisible = 0;
			defaultConfigurationName = Release;
		};
/* End XCConfigurationList section */

/* Begin XCRemoteSwiftPackageReference section */
		3F8847D52F8D0ABF00DCEE9E /* XCRemoteSwiftPackageReference "SwiftKeychainWrapper" */ = {
			isa = XCRemoteSwiftPackageReference;
			repositoryURL = "https://github.com/jrendel/SwiftKeychainWrapper";
			requirement = {
				kind = upToNextMajorVersion;
				minimumVersion = 4.0.1;
			};
		};
		3F9049A62F7E7FA700CAF116 /* XCRemoteSwiftPackageReference "ProgressHUD" */ = {
			isa = XCRemoteSwiftPackageReference;
			repositoryURL = "https://github.com/relatedcode/ProgressHUD";
			requirement = {
				kind = exactVersion;
				version = 14.1.4;
			};
		};
		3FA14DB02F892B2E00C1738C /* XCRemoteSwiftPackageReference "Kingfisher" */ = {
			isa = XCRemoteSwiftPackageReference;
			repositoryURL = "https://github.com/onevcat/Kingfisher";
			requirement = {
				kind = upToNextMajorVersion;
				minimumVersion = 8.8.1;
			};
		};
/* End XCRemoteSwiftPackageReference section */

/* Begin XCSwiftPackageProductDependency section */
		3F8847D62F8D0ABF00DCEE9E /* SwiftKeychainWrapper */ = {
			isa = XCSwiftPackageProductDependency;
			package = 3F8847D52F8D0ABF00DCEE9E /* XCRemoteSwiftPackageReference "SwiftKeychainWrapper" */;
			productName = SwiftKeychainWrapper;
		};
		3F9049A72F7E7FA700CAF116 /* ProgressHUD */ = {
			isa = XCSwiftPackageProductDependency;
			package = 3F9049A62F7E7FA700CAF116 /* XCRemoteSwiftPackageReference "ProgressHUD" */;
			productName = ProgressHUD;
		};
		3FA14DB12F892B2E00C1738C /* Kingfisher */ = {
			isa = XCSwiftPackageProductDependency;
			package = 3FA14DB02F892B2E00C1738C /* XCRemoteSwiftPackageReference "Kingfisher" */;
			productName = Kingfisher;
		};
/* End XCSwiftPackageProductDependency section */
	};
	rootObject = 3F0495232F5028D0006A0F40 /* Project object */;
}
